
Microsoft Visual Studio Solution File, Format Version 12.00
# Visual Studio Version 17
VisualStudioVersion = 17.4.33213.308
MinimumVisualStudioVersion = 10.0.40219.1
Project("{888888A0-9F3D-457C-B088-3A5042F75D52}") = "Typing Speed Calculator", "Typing Speed Calculator\Typing Speed Calculator.pyproj", "{534C341F-1365-48D8-9A14-79BF0353C68A}"
EndProject
Global
	GlobalSection(SolutionConfigurationPlatforms) = preSolution
		Debug|Any CPU = Debug|Any CPU
		Release|Any CPU = Release|Any CPU
	EndGlobalSection
	GlobalSection(ProjectConfigurationPlatforms) = postSolution
		{534C341F-1365-48D8-9A14-79BF0353C68A}.Debug|Any CPU.ActiveCfg = Debug|Any CPU
		{534C341F-1365-48D8-9A14-79BF0353C68A}.Release|Any CPU.ActiveCfg = Release|Any CPU
	EndGlobalSection
	GlobalSection(SolutionProperties) = preSolution
		HideSolutionNode = FALSE
	EndGlobalSection
	GlobalSection(ExtensibilityGlobals) = postSolution
		SolutionGuid = {C7738DE9-B872-4E76-8245-1243E0AFEAF1}
	EndGlobalSection
EndGlobal
